
Microsoft Visual Studio Solution File, Format Version 12.00
# Visual Studio Version 16
VisualStudioVersion = 16.0.30717.126
MinimumVisualStudioVersion = 10.0.40219.1
Project("{FAE04EC0-301F-11D3-BF4B-00C04F79EFBC}") = "Labirintius", "Labirintius\Labirintius.csproj", "{B2B17EF4-F118-4981-8BAF-5D14053304F8}"
EndProject
Global
	GlobalSection(SolutionConfigurationPlatforms) = preSolution
		Debug|Any CPU = Debug|Any CPU
		Release|Any CPU = Release|Any CPU
	EndGlobalSection
	GlobalSection(ProjectConfigurationPlatforms) = postSolution
		{B2B17EF4-F118-4981-8BAF-5D14053304F8}.Debug|Any CPU.ActiveCfg = Debug|Any CPU
		{B2B17EF4-F118-4981-8BAF-5D14053304F8}.Debug|Any CPU.Build.0 = Debug|Any CPU
		{B2B17EF4-F118-4981-8BAF-5D14053304F8}.Release|Any CPU.ActiveCfg = Release|Any CPU
		{B2B17EF4-F118-4981-8BAF-5D14053304F8}.Release|Any CPU.Build.0 = Release|Any CPU
	EndGlobalSection
	GlobalSection(SolutionProperties) = preSolution
		HideSolutionNode = FALSE
	EndGlobalSection
	GlobalSection(ExtensibilityGlobals) = postSolution
		SolutionGuid = {6B5EF127-77EF-4DD7-BFE3-8B3E8255E7F0}
	EndGlobalSection
EndGlobal
